Microsoft Visual Studio Solution File, Format Version 12.00
# Visual Studio Version 17
VisualStudioVersion = 17.13.35828.75
MinimumVisualStudioVersion = 10.0.40219.1
Project("{FAE04EC0-301F-11D3-BF4B-00C04F79EFBC}") = "MyCookBook.WPF", "MyCookBook.WPF\MyCookBook.WPF.csproj", "{ABDAC7E2-5E9B-435C-9310-3B9C0018754C}"
	ProjectSection(ProjectDependencies) = postProject
		{437DBC20-5088-4D11-81A4-D4980D5F69A4} = {437DBC20-5088-4D11-81A4-D4980D5F69A4}
		{991EB214-AC51-4D0C-A4C0-0E6C92423791} = {991EB214-AC51-4D0C-A4C0-0E6C92423791}
	EndProjectSection
EndProject
Project("{FAE04EC0-301F-11D3-BF4B-00C04F79EFBC}") = "MyCookBook.Domain", "MyCookBook.Domain\MyCookBook.Domain.csproj", "{991EB214-AC51-4D0C-A4C0-0E6C92423791}"
EndProject
Project("{FAE04EC0-301F-11D3-BF4B-00C04F79EFBC}") = "MyCookBook.EntityFramework", "MyCookBook.EntityFramework\MyCookBook.EntityFramework.csproj", "{437DBC20-5088-4D11-81A4-D4980D5F69A4}"
	ProjectSection(ProjectDependencies) = postProject
		{991EB214-AC51-4D0C-A4C0-0E6C92423791} = {991EB214-AC51-4D0C-A4C0-0E6C92423791}
	EndProjectSection
EndProject
Project("{B7DD6F7E-DEF8-4E67-B5B7-07EF123DB6F0}") = "MyCookBook.Packaging", "MyCookBook.Packaging\MyCookBook.Packaging.wixproj", "{854C565B-DDE9-4DDF-99DD-31B498EB0B3B}"
EndProject
Global
	GlobalSection(SolutionConfigurationPlatforms) = preSolution
		Debug|Any CPU = Debug|Any CPU
		Debug|ARM = Debug|ARM
		Debug|ARM64 = Debug|ARM64
		Debug|x64 = Debug|x64
		Debug|x86 = Debug|x86
		Release|Any CPU = Release|Any CPU
		Release|ARM = Release|ARM
		Release|ARM64 = Release|ARM64
		Release|x64 = Release|x64
		Release|x86 = Release|x86
	EndGlobalSection
	GlobalSection(ProjectConfigurationPlatforms) = postSolution
		{ABDAC7E2-5E9B-435C-9310-3B9C0018754C}.Debug|Any CPU.ActiveCfg = Debug|Any CPU
		{ABDAC7E2-5E9B-435C-9310-3B9C0018754C}.Debug|Any CPU.Build.0 = Debug|Any CPU
		{ABDAC7E2-5E9B-435C-9310-3B9C0018754C}.Debug|ARM.ActiveCfg = Debug|Any CPU
		{ABDAC7E2-5E9B-435C-9310-3B9C0018754C}.Debug|ARM.Build.0 = Debug|Any CPU
		{ABDAC7E2-5E9B-435C-9310-3B9C0018754C}.Debug|ARM64.ActiveCfg = Debug|Any CPU
		{ABDAC7E2-5E9B-435C-9310-3B9C0018754C}.Debug|ARM64.Build.0 = Debug|Any CPU
		{ABDAC7E2-5E9B-435C-9310-3B9C0018754C}.Debug|x64.ActiveCfg = Debug|Any CPU
		{ABDAC7E2-5E9B-435C-9310-3B9C0018754C}.Debug|x64.Build.0 = Debug|Any CPU
		{ABDAC7E2-5E9B-435C-9310-3B9C0018754C}.Debug|x86.ActiveCfg = Debug|Any CPU
		{ABDAC7E2-5E9B-435C-9310-3B9C0018754C}.Debug|x86.Build.0 = Debug|Any CPU
		{ABDAC7E2-5E9B-435C-9310-3B9C0018754C}.Release|Any CPU.ActiveCfg = Release|Any CPU
		{ABDAC7E2-5E9B-435C-9310-3B9C0018754C}.Release|Any CPU.Build.0 = Release|Any CPU
		{ABDAC7E2-5E9B-435C-9310-3B9C0018754C}.Release|ARM.ActiveCfg = Release|Any CPU
		{ABDAC7E2-5E9B-435C-9310-3B9C0018754C}.Release|ARM.Build.0 = Release|Any CPU
		{ABDAC7E2-5E9B-435C-9310-3B9C0018754C}.Release|ARM64.ActiveCfg = Release|Any CPU
		{ABDAC7E2-5E9B-435C-9310-3B9C0018754C}.Release|ARM64.Build.0 = Release|Any CPU
		{ABDAC7E2-5E9B-435C-9310-3B9C0018754C}.Release|x64.ActiveCfg = Release|Any CPU
		{ABDAC7E2-5E9B-435C-9310-3B9C0018754C}.Release|x64.Build.0 = Release|Any CPU
		{ABDAC7E2-5E9B-435C-9310-3B9C0018754C}.Release|x86.ActiveCfg = Release|Any CPU
		{ABDAC7E2-5E9B-435C-9310-3B9C0018754C}.Release|x86.Build.0 = Release|Any CPU
		{991EB214-AC51-4D0C-A4C0-0E6C92423791}.Debug|Any CPU.ActiveCfg = Debug|Any CPU
		{991EB214-AC51-4D0C-A4C0-0E6C92423791}.Debug|Any CPU.Build.0 = Debug|Any CPU
		{991EB214-AC51-4D0C-A4C0-0E6C92423791}.Debug|ARM.ActiveCfg = Debug|Any CPU
		{991EB214-AC51-4D0C-A4C0-0E6C92423791}.Debug|ARM.Build.0 = Debug|Any CPU
		{991EB214-AC51-4D0C-A4C0-0E6C92423791}.Debug|ARM64.ActiveCfg = Debug|Any CPU
		{991EB214-AC51-4D0C-A4C0-0E6C92423791}.Debug|ARM64.Build.0 = Debug|Any CPU
		{991EB214-AC51-4D0C-A4C0-0E6C92423791}.Debug|x64.ActiveCfg = Debug|Any CPU
		{991EB214-AC51-4D0C-A4C0-0E6C92423791}.Debug|x64.Build.0 = Debug|Any CPU
		{991EB214-AC51-4D0C-A4C0-0E6C92423791}.Debug|x86.ActiveCfg = Debug|Any CPU
		{991EB214-AC51-4D0C-A4C0-0E6C92423791}.Debug|x86.Build.0 = Debug|Any CPU
		{991EB214-AC51-4D0C-A4C0-0E6C92423791}.Release|Any CPU.ActiveCfg = Release|Any CPU
		{991EB214-AC51-4D0C-A4C0-0E6C92423791}.Release|Any CPU.Build.0 = Release|Any CPU
		{991EB214-AC51-4D0C-A4C0-0E6C92423791}.Release|ARM.ActiveCfg = Release|Any CPU
		{991EB214-AC51-4D0C-A4C0-0E6C92423791}.Release|ARM.Build.0 = Release|Any CPU
		{991EB214-AC51-4D0C-A4C0-0E6C92423791}.Release|ARM64.ActiveCfg = Release|Any CPU
		{991EB214-AC51-4D0C-A4C0-0E6C92423791}.Release|ARM64.Build.0 = Release|Any CPU
		{991EB214-AC51-4D0C-A4C0-0E6C92423791}.Release|x64.ActiveCfg = Release|Any CPU
		{991EB214-AC51-4D0C-A4C0-0E6C92423791}.Release|x64.Build.0 = Release|Any CPU
		{991EB214-AC51-4D0C-A4C0-0E6C92423791}.Release|x86.ActiveCfg = Release|Any CPU
		{991EB214-AC51-4D0C-A4C0-0E6C92423791}.Release|x86.Build.0 = Release|Any CPU
		{437DBC20-5088-4D11-81A4-D4980D5F69A4}.Debug|Any CPU.ActiveCfg = Debug|Any CPU
		{437DBC20-5088-4D11-81A4-D4980D5F69A4}.Debug|Any CPU.Build.0 = Debug|Any CPU
		{437DBC20-5088-4D11-81A4-D4980D5F69A4}.Debug|ARM.ActiveCfg = Debug|Any CPU
		{437DBC20-5088-4D11-81A4-D4980D5F69A4}.Debug|ARM.Build.0 = Debug|Any CPU
		{437DBC20-5088-4D11-81A4-D4980D5F69A4}.Debug|ARM64.ActiveCfg = Debug|Any CPU
		{437DBC20-5088-4D11-81A4-D4980D5F69A4}.Debug|ARM64.Build.0 = Debug|Any CPU
		{437DBC20-5088-4D11-81A4-D4980D5F69A4}.Debug|x64.ActiveCfg = Debug|Any CPU
		{437DBC20-5088-4D11-81A4-D4980D5F69A4}.Debug|x64.Build.0 = Debug|Any CPU
		{437DBC20-5088-4D11-81A4-D4980D5F69A4}.Debug|x86.ActiveCfg = Debug|Any CPU
		{437DBC20-5088-4D11-81A4-D4980D5F69A4}.Debug|x86.Build.0 = Debug|Any CPU
		{437DBC20-5088-4D11-81A4-D4980D5F69A4}.Release|Any CPU.ActiveCfg = Release|Any CPU
		{437DBC20-5088-4D11-81A4-D4980D5F69A4}.Release|Any CPU.Build.0 = Release|Any CPU
		{437DBC20-5088-4D11-81A4-D4980D5F69A4}.Release|ARM.ActiveCfg = Release|Any CPU
		{437DBC20-5088-4D11-81A4-D4980D5F69A4}.Release|ARM.Build.0 = Release|Any CPU
		{437DBC20-5088-4D11-81A4-D4980D5F69A4}.Release|ARM64.ActiveCfg = Release|Any CPU
		{437DBC20-5088-4D11-81A4-D4980D5F69A4}.Release|ARM64.Build.0 = Release|Any CPU
		{437DBC20-5088-4D11-81A4-D4980D5F69A4}.Release|x64.ActiveCfg = Release|Any CPU
		{437DBC20-5088-4D11-81A4-D4980D5F69A4}.Release|x64.Build.0 = Release|Any CPU
		{437DBC20-5088-4D11-81A4-D4980D5F69A4}.Release|x86.ActiveCfg = Release|Any CPU
		{437DBC20-5088-4D11-81A4-D4980D5F69A4}.Release|x86.Build.0 = Release|Any CPU
		{854C565B-DDE9-4DDF-99DD-31B498EB0B3B}.Debug|Any CPU.ActiveCfg = Debug|x64
		{854C565B-DDE9-4DDF-99DD-31B498EB0B3B}.Debug|Any CPU.Build.0 = Debug|x64
		{854C565B-DDE9-4DDF-99DD-31B498EB0B3B}.Debug|ARM.ActiveCfg = Debug|x64
		{854C565B-DDE9-4DDF-99DD-31B498EB0B3B}.Debug|ARM.Build.0 = Debug|x64
		{854C565B-DDE9-4DDF-99DD-31B498EB0B3B}.Debug|ARM64.ActiveCfg = Debug|ARM64
		{854C565B-DDE9-4DDF-99DD-31B498EB0B3B}.Debug|ARM64.Build.0 = Debug|ARM64
		{854C565B-DDE9-4DDF-99DD-31B498EB0B3B}.Debug|x64.ActiveCfg = Debug|x64
		{854C565B-DDE9-4DDF-99DD-31B498EB0B3B}.Debug|x64.Build.0 = Debug|x64
		{854C565B-DDE9-4DDF-99DD-31B498EB0B3B}.Debug|x86.ActiveCfg = Debug|x86
		{854C565B-DDE9-4DDF-99DD-31B498EB0B3B}.Debug|x86.Build.0 = Debug|x86
		{854C565B-DDE9-4DDF-99DD-31B498EB0B3B}.Release|Any CPU.ActiveCfg = Release|x64
		{854C565B-DDE9-4DDF-99DD-31B498EB0B3B}.Release|Any CPU.Build.0 = Release|x64
		{854C565B-DDE9-4DDF-99DD-31B498EB0B3B}.Release|ARM.ActiveCfg = Release|x64
		{854C565B-DDE9-4DDF-99DD-31B498EB0B3B}.Release|ARM.Build.0 = Release|x64
		{854C565B-DDE9-4DDF-99DD-31B498EB0B3B}.Release|ARM64.ActiveCfg = Release|ARM64
		{854C565B-DDE9-4DDF-99DD-31B498EB0B3B}.Release|ARM64.Build.0 = Release|ARM64
		{854C565B-DDE9-4DDF-99DD-31B498EB0B3B}.Release|x64.ActiveCfg = Release|x64
		{854C565B-DDE9-4DDF-99DD-31B498EB0B3B}.Release|x64.Build.0 = Release|x64
		{854C565B-DDE9-4DDF-99DD-31B498EB0B3B}.Release|x86.ActiveCfg = Release|x86
		{854C565B-DDE9-4DDF-99DD-31B498EB0B3B}.Release|x86.Build.0 = Release|x86
	EndGlobalSection
	GlobalSection(SolutionProperties) = preSolution
		HideSolutionNode = FALSE
	EndGlobalSection
	GlobalSection(ExtensibilityGlobals) = postSolution
		SolutionGuid = {32F42F40-9575-4B9B-AFD6-5C07EB150FB5}
	EndGlobalSection
EndGlobal
