Microsoft Visual Studio Solution File, Format Version 12.00
# Visual Studio Version 17
VisualStudioVersion = 17.13.35828.75
MinimumVisualStudioVersion = 10.0.40219.1
Project("{FAE04EC0-301F-11D3-BF4B-00C04F79EFBC}") = "MyCookBook.WPF", "MyCookBook.WPF\MyCookBook.WPF.csproj", "{ABDAC7E2-5E9B-435C-9310-3B9C0018754C}"
	ProjectSection(ProjectDependencies) = postProject
		{437DBC20-5088-4D11-81A4-D4980D5F69A4} = {437DBC20-5088-4D11-81A4-D4980D5F69A4}
		{991EB214-AC51-4D0C-A4C0-0E6C92423791} = {991EB214-AC51-4D0C-A4C0-0E6C92423791}
	EndProjectSection
EndProject
Project("{FAE04EC0-301F-11D3-BF4B-00C04F79EFBC}") = "MyCookBook.Domain", "MyCookBook.Domain\MyCookBook.Domain.csproj", "{991EB214-AC51-4D0C-A4C0-0E6C92423791}"
EndProject
Project("{FAE04EC0-301F-11D3-BF4B-00C04F79EFBC}") = "MyCookBook.EntityFramework", "MyCookBook.EntityFramework\MyCookBook.EntityFramework.csproj", "{437DBC20-5088-4D11-81A4-D4980D5F69A4}"
	ProjectSection(ProjectDependencies) = postProject
		{991EB214-AC51-4D0C-A4C0-0E6C92423791} = {991EB214-AC51-4D0C-A4C0-0E6C92423791}
	EndProjectSection
EndProject
Global
	GlobalSection(SolutionConfigurationPlatforms) = preSolution
		Debug|Any CPU = Debug|Any CPU
		Release|Any CPU = Release|Any CPU
	EndGlobalSection
	GlobalSection(ProjectConfigurationPlatforms) = postSolution
		{ABDAC7E2-5E9B-435C-9310-3B9C0018754C}.Debug|Any CPU.ActiveCfg = Debug|Any CPU
		{ABDAC7E2-5E9B-435C-9310-3B9C0018754C}.Debug|Any CPU.Build.0 = Debug|Any CPU
		{ABDAC7E2-5E9B-435C-9310-3B9C0018754C}.Release|Any CPU.ActiveCfg = Release|Any CPU
		{ABDAC7E2-5E9B-435C-9310-3B9C0018754C}.Release|Any CPU.Build.0 = Release|Any CPU
		{991EB214-AC51-4D0C-A4C0-0E6C92423791}.Debug|Any CPU.ActiveCfg = Debug|Any CPU
		{991EB214-AC51-4D0C-A4C0-0E6C92423791}.Debug|Any CPU.Build.0 = Debug|Any CPU
		{991EB214-AC51-4D0C-A4C0-0E6C92423791}.Release|Any CPU.ActiveCfg = Release|Any CPU
		{991EB214-AC51-4D0C-A4C0-0E6C92423791}.Release|Any CPU.Build.0 = Release|Any CPU
		{437DBC20-5088-4D11-81A4-D4980D5F69A4}.Debug|Any CPU.ActiveCfg = Debug|Any CPU
		{437DBC20-5088-4D11-81A4-D4980D5F69A4}.Debug|Any CPU.Build.0 = Debug|Any CPU
		{437DBC20-5088-4D11-81A4-D4980D5F69A4}.Release|Any CPU.ActiveCfg = Release|Any CPU
		{437DBC20-5088-4D11-81A4-D4980D5F69A4}.Release|Any CPU.Build.0 = Release|Any CPU
	EndGlobalSection
	GlobalSection(SolutionProperties) = preSolution
		HideSolutionNode = FALSE
	EndGlobalSection
	GlobalSection(ExtensibilityGlobals) = postSolution
		SolutionGuid = {32F42F40-9575-4B9B-AFD6-5C07EB150FB5}
	EndGlobalSection
EndGlobal
